
Microsoft Visual Studio Solution File, Format Version 12.00
# Visual Studio Version 17
VisualStudioVersion = 17.3.32819.101
MinimumVisualStudioVersion = 10.0.40219.1
Project("{FAE04EC0-301F-11D3-BF4B-00C04F79EFBC}") = "klassdiagram prog", "klassdiagram prog\klassdiagram prog.csproj", "{C1FFDBE0-751F-4EA3-B121-75FF91B7157B}"
EndProject
Global
	GlobalSection(SolutionConfigurationPlatforms) = preSolution
		Debug|Any CPU = Debug|Any CPU
		Release|Any CPU = Release|Any CPU
	EndGlobalSection
	GlobalSection(ProjectConfigurationPlatforms) = postSolution
		{C1FFDBE0-751F-4EA3-B121-75FF91B7157B}.Debug|Any CPU.ActiveCfg = Debug|Any CPU
		{C1FFDBE0-751F-4EA3-B121-75FF91B7157B}.Debug|Any CPU.Build.0 = Debug|Any CPU
		{C1FFDBE0-751F-4EA3-B121-75FF91B7157B}.Release|Any CPU.ActiveCfg = Release|Any CPU
		{C1FFDBE0-751F-4EA3-B121-75FF91B7157B}.Release|Any CPU.Build.0 = Release|Any CPU
	EndGlobalSection
	GlobalSection(SolutionProperties) = preSolution
		HideSolutionNode = FALSE
	EndGlobalSection
	GlobalSection(ExtensibilityGlobals) = postSolution
		SolutionGuid = {2F26F047-C099-44EA-91FD-79C85569E679}
	EndGlobalSection
EndGlobal
